
Microsoft Visual Studio Solution File, Format Version 12.00
# Visual Studio Version 17
VisualStudioVersion = 17.5.33627.172
MinimumVisualStudioVersion = 10.0.40219.1
Project("{FAE04EC0-301F-11D3-BF4B-00C04F79EFBC}") = "EasyTripMVC", "EasyTripMVC\EasyTripMVC.csproj", "{092F3073-10C4-4FE9-B4B6-C0841A5276EC}"
EndProject
Global
	GlobalSection(SolutionConfigurationPlatforms) = preSolution
		Debug|Any CPU = Debug|Any CPU
		Release|Any CPU = Release|Any CPU
	EndGlobalSection
	GlobalSection(ProjectConfigurationPlatforms) = postSolution
		{092F3073-10C4-4FE9-B4B6-C0841A5276EC}.Debug|Any CPU.ActiveCfg = Debug|Any CPU
		{092F3073-10C4-4FE9-B4B6-C0841A5276EC}.Debug|Any CPU.Build.0 = Debug|Any CPU
		{092F3073-10C4-4FE9-B4B6-C0841A5276EC}.Release|Any CPU.ActiveCfg = Release|Any CPU
		{092F3073-10C4-4FE9-B4B6-C0841A5276EC}.Release|Any CPU.Build.0 = Release|Any CPU
	EndGlobalSection
	GlobalSection(SolutionProperties) = preSolution
		HideSolutionNode = FALSE
	EndGlobalSection
	GlobalSection(ExtensibilityGlobals) = postSolution
		SolutionGuid = {3925BC39-C0B9-4117-B5A8-4C4360D89B24}
	EndGlobalSection
EndGlobal
